
Microsoft Visual Studio Solution File, Format Version 12.00
# Visual Studio Version 17
VisualStudioVersion = 17.5.33424.131
MinimumVisualStudioVersion = 10.0.40219.1
Project("{FAE04EC0-301F-11D3-BF4B-00C04F79EFBC}") = "String-Manipulation", "String-Manipulation\String-Manipulation.csproj", "{391C0295-C88D-4CF6-A93C-43B6884ABDD8}"
EndProject
Global
	GlobalSection(SolutionConfigurationPlatforms) = preSolution
		Debug|Any CPU = Debug|Any CPU
		Release|Any CPU = Release|Any CPU
	EndGlobalSection
	GlobalSection(ProjectConfigurationPlatforms) = postSolution
		{391C0295-C88D-4CF6-A93C-43B6884ABDD8}.Debug|Any CPU.ActiveCfg = Debug|Any CPU
		{391C0295-C88D-4CF6-A93C-43B6884ABDD8}.Debug|Any CPU.Build.0 = Debug|Any CPU
		{391C0295-C88D-4CF6-A93C-43B6884ABDD8}.Release|Any CPU.ActiveCfg = Release|Any CPU
		{391C0295-C88D-4CF6-A93C-43B6884ABDD8}.Release|Any CPU.Build.0 = Release|Any CPU
	EndGlobalSection
	GlobalSection(SolutionProperties) = preSolution
		HideSolutionNode = FALSE
	EndGlobalSection
	GlobalSection(ExtensibilityGlobals) = postSolution
		SolutionGuid = {27450ADB-45E8-40DA-B074-8895C1EE413F}
	EndGlobalSection
EndGlobal
